
Microsoft Visual Studio Solution File, Format Version 12.00
# Visual Studio Version 17
VisualStudioVersion = 17.9.34616.47
MinimumVisualStudioVersion = 10.0.40219.1
Project("{9A19103F-16F7-4668-BE54-9A1E7A4F7556}") = "BulkyWeb", "BulkyWeb\BulkyWeb.csproj", "{EA67C907-84CE-411D-B97C-492D2516C32F}"
EndProject
Project("{9A19103F-16F7-4668-BE54-9A1E7A4F7556}") = "Bulky.DataAccess", "Bulky.DataAccess\Bulky.DataAccess.csproj", "{EF20F781-FC7C-4C0D-B59A-8376417AF51C}"
EndProject
Project("{9A19103F-16F7-4668-BE54-9A1E7A4F7556}") = "Bulky.Models", "Bulky.Models\Bulky.Models.csproj", "{3F905D04-4489-429D-8894-165607082EF4}"
EndProject
Project("{9A19103F-16F7-4668-BE54-9A1E7A4F7556}") = "Bulky.Utility", "Bulky.Utility\Bulky.Utility.csproj", "{C7ECAF0F-F825-43B8-8F01-86A236FE02FD}"
EndProject
Global
	GlobalSection(SolutionConfigurationPlatforms) = preSolution
		Debug|Any CPU = Debug|Any CPU
		Release|Any CPU = Release|Any CPU
	EndGlobalSection
	GlobalSection(ProjectConfigurationPlatforms) = postSolution
		{EA67C907-84CE-411D-B97C-492D2516C32F}.Debug|Any CPU.ActiveCfg = Debug|Any CPU
		{EA67C907-84CE-411D-B97C-492D2516C32F}.Debug|Any CPU.Build.0 = Debug|Any CPU
		{EA67C907-84CE-411D-B97C-492D2516C32F}.Release|Any CPU.ActiveCfg = Release|Any CPU
		{EA67C907-84CE-411D-B97C-492D2516C32F}.Release|Any CPU.Build.0 = Release|Any CPU
		{EF20F781-FC7C-4C0D-B59A-8376417AF51C}.Debug|Any CPU.ActiveCfg = Debug|Any CPU
		{EF20F781-FC7C-4C0D-B59A-8376417AF51C}.Debug|Any CPU.Build.0 = Debug|Any CPU
		{EF20F781-FC7C-4C0D-B59A-8376417AF51C}.Release|Any CPU.ActiveCfg = Release|Any CPU
		{EF20F781-FC7C-4C0D-B59A-8376417AF51C}.Release|Any CPU.Build.0 = Release|Any CPU
		{3F905D04-4489-429D-8894-165607082EF4}.Debug|Any CPU.ActiveCfg = Debug|Any CPU
		{3F905D04-4489-429D-8894-165607082EF4}.Debug|Any CPU.Build.0 = Debug|Any CPU
		{3F905D04-4489-429D-8894-165607082EF4}.Release|Any CPU.ActiveCfg = Release|Any CPU
		{3F905D04-4489-429D-8894-165607082EF4}.Release|Any CPU.Build.0 = Release|Any CPU
		{C7ECAF0F-F825-43B8-8F01-86A236FE02FD}.Debug|Any CPU.ActiveCfg = Debug|Any CPU
		{C7ECAF0F-F825-43B8-8F01-86A236FE02FD}.Debug|Any CPU.Build.0 = Debug|Any CPU
		{C7ECAF0F-F825-43B8-8F01-86A236FE02FD}.Release|Any CPU.ActiveCfg = Release|Any CPU
		{C7ECAF0F-F825-43B8-8F01-86A236FE02FD}.Release|Any CPU.Build.0 = Release|Any CPU
	EndGlobalSection
	GlobalSection(SolutionProperties) = preSolution
		HideSolutionNode = FALSE
	EndGlobalSection
	GlobalSection(ExtensibilityGlobals) = postSolution
		SolutionGuid = {8572724B-0902-41C4-8208-F68478066A9F}
	EndGlobalSection
EndGlobal
